
Microsoft Visual Studio Solution File, Format Version 12.00
# Visual Studio Version 17
VisualStudioVersion = 17.0.32112.339
MinimumVisualStudioVersion = 10.0.40219.1
Project("{FAE04EC0-301F-11D3-BF4B-00C04F79EFBC}") = "Algorhitms", "Algorhitms\Algorhitms.csproj", "{90978685-DFD4-4100-9A3D-9BC84068E224}"
EndProject
Global
	GlobalSection(SolutionConfigurationPlatforms) = preSolution
		Debug|Any CPU = Debug|Any CPU
		Release|Any CPU = Release|Any CPU
	EndGlobalSection
	GlobalSection(ProjectConfigurationPlatforms) = postSolution
		{90978685-DFD4-4100-9A3D-9BC84068E224}.Debug|Any CPU.ActiveCfg = Debug|Any CPU
		{90978685-DFD4-4100-9A3D-9BC84068E224}.Debug|Any CPU.Build.0 = Debug|Any CPU
		{90978685-DFD4-4100-9A3D-9BC84068E224}.Release|Any CPU.ActiveCfg = Release|Any CPU
		{90978685-DFD4-4100-9A3D-9BC84068E224}.Release|Any CPU.Build.0 = Release|Any CPU
	EndGlobalSection
	GlobalSection(SolutionProperties) = preSolution
		HideSolutionNode = FALSE
	EndGlobalSection
	GlobalSection(ExtensibilityGlobals) = postSolution
		SolutionGuid = {A333D4D3-5EAB-42A2-8E1B-185E1B1C1CF0}
	EndGlobalSection
EndGlobal
